
Microsoft Visual Studio Solution File, Format Version 12.00
# Visual Studio 15
VisualStudioVersion = 15.0.27130.2036
MinimumVisualStudioVersion = 10.0.40219.1
Project("{9A19103F-16F7-4668-BE54-9A1E7A4F7556}") = "Rento.Core", "Rento.Core\Rento.Core.csproj", "{4027CB15-A6DD-4779-B321-833BA6942100}"
EndProject
Project("{9A19103F-16F7-4668-BE54-9A1E7A4F7556}") = "Rento.DAL", "Rento.DAL\Rento.DAL.csproj", "{326275EB-3BEE-4571-84D7-0372E76AD985}"
EndProject
Project("{9A19103F-16F7-4668-BE54-9A1E7A4F7556}") = "Rento.BLL", "Rento.BLL\Rento.BLL.csproj", "{78D0F648-ED15-481B-B5E1-221938289514}"
EndProject
Project("{9A19103F-16F7-4668-BE54-9A1E7A4F7556}") = "Rento.Common", "Rento.Common\Rento.Common.csproj", "{FB028DED-BC30-4E86-A00F-A4BBB6A70E62}"
EndProject
Project("{FAE04EC0-301F-11D3-BF4B-00C04F79EFBC}") = "Rento.Admin", "Rento.Admin\Rento.Admin.csproj", "{8B67156B-4B6D-4B8A-B45F-31EBFFC609AF}"
EndProject
Project("{FAE04EC0-301F-11D3-BF4B-00C04F79EFBC}") = "Rento.FrontEnd", "Rento.FrontEnd\Rento.FrontEnd.csproj", "{76D514AE-2C38-4CDE-8A29-57A7D7970882}"
EndProject
Global
	GlobalSection(SolutionConfigurationPlatforms) = preSolution
		Debug|Any CPU = Debug|Any CPU
		Release|Any CPU = Release|Any CPU
	EndGlobalSection
	GlobalSection(ProjectConfigurationPlatforms) = postSolution
		{4027CB15-A6DD-4779-B321-833BA6942100}.Debug|Any CPU.ActiveCfg = Debug|Any CPU
		{4027CB15-A6DD-4779-B321-833BA6942100}.Debug|Any CPU.Build.0 = Debug|Any CPU
		{4027CB15-A6DD-4779-B321-833BA6942100}.Release|Any CPU.ActiveCfg = Release|Any CPU
		{4027CB15-A6DD-4779-B321-833BA6942100}.Release|Any CPU.Build.0 = Release|Any CPU
		{326275EB-3BEE-4571-84D7-0372E76AD985}.Debug|Any CPU.ActiveCfg = Debug|Any CPU
		{326275EB-3BEE-4571-84D7-0372E76AD985}.Debug|Any CPU.Build.0 = Debug|Any CPU
		{326275EB-3BEE-4571-84D7-0372E76AD985}.Release|Any CPU.ActiveCfg = Release|Any CPU
		{326275EB-3BEE-4571-84D7-0372E76AD985}.Release|Any CPU.Build.0 = Release|Any CPU
		{78D0F648-ED15-481B-B5E1-221938289514}.Debug|Any CPU.ActiveCfg = Debug|Any CPU
		{78D0F648-ED15-481B-B5E1-221938289514}.Debug|Any CPU.Build.0 = Debug|Any CPU
		{78D0F648-ED15-481B-B5E1-221938289514}.Release|Any CPU.ActiveCfg = Release|Any CPU
		{78D0F648-ED15-481B-B5E1-221938289514}.Release|Any CPU.Build.0 = Release|Any CPU
		{FB028DED-BC30-4E86-A00F-A4BBB6A70E62}.Debug|Any CPU.ActiveCfg = Debug|Any CPU
		{FB028DED-BC30-4E86-A00F-A4BBB6A70E62}.Debug|Any CPU.Build.0 = Debug|Any CPU
		{FB028DED-BC30-4E86-A00F-A4BBB6A70E62}.Release|Any CPU.ActiveCfg = Release|Any CPU
		{FB028DED-BC30-4E86-A00F-A4BBB6A70E62}.Release|Any CPU.Build.0 = Release|Any CPU
		{8B67156B-4B6D-4B8A-B45F-31EBFFC609AF}.Debug|Any CPU.ActiveCfg = Debug|Any CPU
		{8B67156B-4B6D-4B8A-B45F-31EBFFC609AF}.Debug|Any CPU.Build.0 = Debug|Any CPU
		{8B67156B-4B6D-4B8A-B45F-31EBFFC609AF}.Release|Any CPU.ActiveCfg = Release|Any CPU
		{8B67156B-4B6D-4B8A-B45F-31EBFFC609AF}.Release|Any CPU.Build.0 = Release|Any CPU
		{76D514AE-2C38-4CDE-8A29-57A7D7970882}.Debug|Any CPU.ActiveCfg = Debug|Any CPU
		{76D514AE-2C38-4CDE-8A29-57A7D7970882}.Debug|Any CPU.Build.0 = Debug|Any CPU
		{76D514AE-2C38-4CDE-8A29-57A7D7970882}.Release|Any CPU.ActiveCfg = Release|Any CPU
		{76D514AE-2C38-4CDE-8A29-57A7D7970882}.Release|Any CPU.Build.0 = Release|Any CPU
	EndGlobalSection
	GlobalSection(SolutionProperties) = preSolution
		HideSolutionNode = FALSE
	EndGlobalSection
	GlobalSection(ExtensibilityGlobals) = postSolution
		SolutionGuid = {E17FB902-4ECE-46BC-93DE-A50E0A959197}
	EndGlobalSection
EndGlobal
